
Microsoft Visual Studio Solution File, Format Version 12.00
# Visual Studio Version 16
VisualStudioVersion = 16.0.29326.143
MinimumVisualStudioVersion = 10.0.40219.1
Project("{FAE04EC0-301F-11D3-BF4B-00C04F79EFBC}") = "Digitteck.ExpressionParser", "Digitteck.ExpressionParser\Digitteck.ExpressionParser.csproj", "{9798164D-A697-4075-B8D3-34FD0CF9047B}"
EndProject
Project("{FAE04EC0-301F-11D3-BF4B-00C04F79EFBC}") = "Digitteck.ExpressionParser.Tests", "Digitteck.ExpressionParser.Tests\Digitteck.ExpressionParser.Tests.csproj", "{9AE60EE0-794D-4DAE-8B62-368110CB9196}"
EndProject
Project("{FAE04EC0-301F-11D3-BF4B-00C04F79EFBC}") = "Digitteck.ConsoleUsage", "Digitteck.ConsoleUsage\Digitteck.ConsoleUsage.csproj", "{C98F32EF-F26E-40D3-8816-978A800312E1}"
EndProject
Global
	GlobalSection(SolutionConfigurationPlatforms) = preSolution
		Debug|Any CPU = Debug|Any CPU
		Release|Any CPU = Release|Any CPU
	EndGlobalSection
	GlobalSection(ProjectConfigurationPlatforms) = postSolution
		{9798164D-A697-4075-B8D3-34FD0CF9047B}.Debug|Any CPU.ActiveCfg = Debug|Any CPU
		{9798164D-A697-4075-B8D3-34FD0CF9047B}.Debug|Any CPU.Build.0 = Debug|Any CPU
		{9798164D-A697-4075-B8D3-34FD0CF9047B}.Release|Any CPU.ActiveCfg = Release|Any CPU
		{9798164D-A697-4075-B8D3-34FD0CF9047B}.Release|Any CPU.Build.0 = Release|Any CPU
		{9AE60EE0-794D-4DAE-8B62-368110CB9196}.Debug|Any CPU.ActiveCfg = Debug|Any CPU
		{9AE60EE0-794D-4DAE-8B62-368110CB9196}.Debug|Any CPU.Build.0 = Debug|Any CPU
		{9AE60EE0-794D-4DAE-8B62-368110CB9196}.Release|Any CPU.ActiveCfg = Release|Any CPU
		{9AE60EE0-794D-4DAE-8B62-368110CB9196}.Release|Any CPU.Build.0 = Release|Any CPU
		{C98F32EF-F26E-40D3-8816-978A800312E1}.Debug|Any CPU.ActiveCfg = Debug|Any CPU
		{C98F32EF-F26E-40D3-8816-978A800312E1}.Debug|Any CPU.Build.0 = Debug|Any CPU
		{C98F32EF-F26E-40D3-8816-978A800312E1}.Release|Any CPU.ActiveCfg = Release|Any CPU
		{C98F32EF-F26E-40D3-8816-978A800312E1}.Release|Any CPU.Build.0 = Release|Any CPU
	EndGlobalSection
	GlobalSection(SolutionProperties) = preSolution
		HideSolutionNode = FALSE
	EndGlobalSection
	GlobalSection(ExtensibilityGlobals) = postSolution
		SolutionGuid = {1D1C3FFF-1C56-4311-956E-266E7B8A8959}
	EndGlobalSection
EndGlobal
